
Microsoft Visual Studio Solution File, Format Version 12.00
# Visual Studio Version 17
VisualStudioVersion = 17.14.36429.23 d17.14
MinimumVisualStudioVersion = 10.0.40219.1
Project("{FAE04EC0-301F-11D3-BF4B-00C04F79EFBC}") = "8PuzzleGame", "8PuzzleGame.csproj", "{1081C1F7-56FE-433E-8255-46F150243BCE}"
EndProject
Global
	GlobalSection(SolutionConfigurationPlatforms) = preSolution
		Debug|Any CPU = Debug|Any CPU
		Release|Any CPU = Release|Any CPU
	EndGlobalSection
	GlobalSection(ProjectConfigurationPlatforms) = postSolution
		{1081C1F7-56FE-433E-8255-46F150243BCE}.Debug|Any CPU.ActiveCfg = Debug|Any CPU
		{1081C1F7-56FE-433E-8255-46F150243BCE}.Debug|Any CPU.Build.0 = Debug|Any CPU
		{1081C1F7-56FE-433E-8255-46F150243BCE}.Release|Any CPU.ActiveCfg = Release|Any CPU
		{1081C1F7-56FE-433E-8255-46F150243BCE}.Release|Any CPU.Build.0 = Release|Any CPU
	EndGlobalSection
	GlobalSection(SolutionProperties) = preSolution
		HideSolutionNode = FALSE
	EndGlobalSection
	GlobalSection(ExtensibilityGlobals) = postSolution
		SolutionGuid = {7F452939-41D6-4FA7-B6D1-D53D48FB00A2}
	EndGlobalSection
EndGlobal
